{
  "requires": true,
  "lockfileVersion": 1,
  "dependencies": {
    "utopia-core-scss": {
      "version": "1.0.0",
      "resolved": "https://registry.npmjs.org/utopia-core-scss/-/utopia-core-scss-1.0.0.tgz",
      "integrity": "sha512-FpJwNPjF3cRpJlrVcavaNVbuBKRfk6vkuYzPFI5Vmvg39ZDAMUBXHa5apnSQLHpm0l7Y6uuIqKuX3FZX43AMnw=="
    }
  }
}
